{
    "version": 3,
    "terraform_version": "0.11.10",
    "serial": 24,
    "lineage": "ce59eed5-254d-facd-7854-b74c530df128",
    "modules": [
        {
            "path": [
                "root"
            ],
            "outputs": {},
            "resources": {
                "data.aws_subnet.private.0": {
                    "type": "aws_subnet",
                    "depends_on": [
                        "data.aws_subnet_ids.private"
                    ],
                    "primary": {
                        "id": "subnet-0010f0add61d1dc3b",
                        "attributes": {
                            "arn": "arn:aws:ec2:us-east-1:708426649097:subnet/subnet-0010f0add61d1dc3b",
                            "assign_ipv6_address_on_creation": "false",
                            "availability_zone": "us-east-1c",
                            "cidr_block": "10.224.202.0/23",
                            "default_for_az": "false",
                            "id": "subnet-0010f0add61d1dc3b",
                            "map_public_ip_on_launch": "false",
                            "state": "available",
                            "tags.%": "4",
                            "tags.Creation-Tool": "terraform",
                            "tags.Env": "dev",
                            "tags.Name": "pixeon-cloud dev private subnet c",
                            "tags.Tier": "private",
                            "vpc_id": "vpc-0c6f95e57844262bb"
                        },
                        "meta": {},
                        "tainted": false
                    },
                    "deposed": [],
                    "provider": "provider.aws"
                },
                "data.aws_subnet.private.1": {
                    "type": "aws_subnet",
                    "depends_on": [
                        "data.aws_subnet_ids.private"
                    ],
                    "primary": {
                        "id": "subnet-07a3a84526d7f5ea1",
                        "attributes": {
                            "arn": "arn:aws:ec2:us-east-1:708426649097:subnet/subnet-07a3a84526d7f5ea1",
                            "assign_ipv6_address_on_creation": "false",
                            "availability_zone": "us-east-1a",
                            "cidr_block": "10.224.200.0/23",
                            "default_for_az": "false",
                            "id": "subnet-07a3a84526d7f5ea1",
                            "map_public_ip_on_launch": "false",
                            "state": "available",
                            "tags.%": "4",
                            "tags.Creation-Tool": "terraform",
                            "tags.Env": "dev",
                            "tags.Name": "pixeon-cloud dev private subnet a",
                            "tags.Tier": "private",
                            "vpc_id": "vpc-0c6f95e57844262bb"
                        },
                        "meta": {},
                        "tainted": false
                    },
                    "deposed": [],
                    "provider": "provider.aws"
                },
                "data.aws_subnet.public.0": {
                    "type": "aws_subnet",
                    "depends_on": [
                        "data.aws_subnet_ids.public"
                    ],
                    "primary": {
                        "id": "subnet-0ebcb1713eff25277",
                        "attributes": {
                            "arn": "arn:aws:ec2:us-east-1:708426649097:subnet/subnet-0ebcb1713eff25277",
                            "assign_ipv6_address_on_creation": "false",
                            "availability_zone": "us-east-1c",
                            "cidr_block": "10.224.206.0/23",
                            "default_for_az": "false",
                            "id": "subnet-0ebcb1713eff25277",
                            "map_public_ip_on_launch": "true",
                            "state": "available",
                            "tags.%": "4",
                            "tags.Creation-Tool": "terraform",
                            "tags.Env": "dev",
                            "tags.Name": "pixeon-cloud dev public subnet c",
                            "tags.Tier": "public",
                            "vpc_id": "vpc-0c6f95e57844262bb"
                        },
                        "meta": {},
                        "tainted": false
                    },
                    "deposed": [],
                    "provider": "provider.aws"
                },
                "data.aws_subnet.public.1": {
                    "type": "aws_subnet",
                    "depends_on": [
                        "data.aws_subnet_ids.public"
                    ],
                    "primary": {
                        "id": "subnet-07724bba344c03490",
                        "attributes": {
                            "arn": "arn:aws:ec2:us-east-1:708426649097:subnet/subnet-07724bba344c03490",
                            "assign_ipv6_address_on_creation": "false",
                            "availability_zone": "us-east-1a",
                            "cidr_block": "10.224.204.0/23",
                            "default_for_az": "false",
                            "id": "subnet-07724bba344c03490",
                            "map_public_ip_on_launch": "true",
                            "state": "available",
                            "tags.%": "4",
                            "tags.Creation-Tool": "terraform",
                            "tags.Env": "dev",
                            "tags.Name": "pixeon-cloud dev public subnet a",
                            "tags.Tier": "public",
                            "vpc_id": "vpc-0c6f95e57844262bb"
                        },
                        "meta": {},
                        "tainted": false
                    },
                    "deposed": [],
                    "provider": "provider.aws"
                },
                "data.aws_subnet_ids.private": {
                    "type": "aws_subnet_ids",
                    "depends_on": [
                        "data.aws_vpc.environment",
                        "local.stack_env"
                    ],
                    "primary": {
                        "id": "vpc-0c6f95e57844262bb",
                        "attributes": {
                            "id": "vpc-0c6f95e57844262bb",
                            "ids.#": "2",
                            "ids.2137442523": "subnet-07a3a84526d7f5ea1",
                            "ids.695771506": "subnet-0010f0add61d1dc3b",
                            "tags.%": "2",
                            "tags.Env": "dev",
                            "tags.Tier": "private",
                            "vpc_id": "vpc-0c6f95e57844262bb"
                        },
                        "meta": {},
                        "tainted": false
                    },
                    "deposed": [],
                    "provider": "provider.aws"
                },
                "data.aws_subnet_ids.public": {
                    "type": "aws_subnet_ids",
                    "depends_on": [
                        "data.aws_vpc.environment",
                        "local.stack_env"
                    ],
                    "primary": {
                        "id": "vpc-0c6f95e57844262bb",
                        "attributes": {
                            "id": "vpc-0c6f95e57844262bb",
                            "ids.#": "2",
                            "ids.2348691672": "subnet-0ebcb1713eff25277",
                            "ids.3080743077": "subnet-07724bba344c03490",
                            "tags.%": "2",
                            "tags.Env": "dev",
                            "tags.Tier": "public",
                            "vpc_id": "vpc-0c6f95e57844262bb"
                        },
                        "meta": {},
                        "tainted": false
                    },
                    "deposed": [],
                    "provider": "provider.aws"
                },
                "data.aws_vpc.environment": {
                    "type": "aws_vpc",
                    "depends_on": [
                        "local.stack_env"
                    ],
                    "primary": {
                        "id": "vpc-0c6f95e57844262bb",
                        "attributes": {
                            "arn": "arn:aws:ec2:us-east-1:708426649097:vpc/vpc-0c6f95e57844262bb",
                            "cidr_block": "10.224.200.0/21",
                            "cidr_block_associations.#": "1",
                            "cidr_block_associations.0.association_id": "vpc-cidr-assoc-0347fb9b2b7604d66",
                            "cidr_block_associations.0.cidr_block": "10.224.200.0/21",
                            "cidr_block_associations.0.state": "associated",
                            "default": "false",
                            "dhcp_options_id": "dopt-0fd83fe719ecf630d",
                            "enable_dns_hostnames": "true",
                            "enable_dns_support": "true",
                            "id": "vpc-0c6f95e57844262bb",
                            "instance_tenancy": "default",
                            "main_route_table_id": "rtb-01bf11a921778e93a",
                            "state": "available",
                            "tags.%": "3",
                            "tags.Creation-Tool": "terraform",
                            "tags.Env": "dev",
                            "tags.Name": "pixeon-cloud-dev-vpc"
                        },
                        "meta": {},
                        "tainted": false
                    },
                    "deposed": [],
                    "provider": "provider.aws"
                }
            },
            "depends_on": []
        },
        {
            "path": [
                "root",
                "korus_web_front_a"
            ],
            "outputs": {
                "instances_id": {
                    "sensitive": false,
                    "type": "string",
                    "value": "i-095c66c3e9fbd9514"
                }
            },
            "resources": {
                "aws_iam_instance_profile.korus_web_hosts": {
                    "type": "aws_iam_instance_profile",
                    "depends_on": [
                        "aws_iam_role.korus_web_hosts"
                    ],
                    "primary": {
                        "id": "devpixkorus002_front_a-hosts",
                        "attributes": {
                            "arn": "arn:aws:iam::708426649097:instance-profile/devpixkorus002_front_a-hosts",
                            "create_date": "2018-12-02T14:04:44Z",
                            "id": "devpixkorus002_front_a-hosts",
                            "name": "devpixkorus002_front_a-hosts",
                            "path": "/",
                            "role": "devpixkorus002_front_a-hosts",
                            "roles.#": "1",
                            "roles.1604661031": "devpixkorus002_front_a-hosts",
                            "unique_id": "AIPAINWKOLAWRRRUCCJV2"
                        },
                        "meta": {},
                        "tainted": false
                    },
                    "deposed": [],
                    "provider": "module.korus_web_front_a.provider.aws"
                },
                "aws_iam_instance_profile.korus_web_server": {
                    "type": "aws_iam_instance_profile",
                    "depends_on": [
                        "aws_iam_role.korus_web_server"
                    ],
                    "primary": {
                        "id": "devpixkorus002_front_a-server",
                        "attributes": {
                            "arn": "arn:aws:iam::708426649097:instance-profile/devpixkorus002_front_a-server",
                            "create_date": "2018-12-02T14:04:44Z",
                            "id": "devpixkorus002_front_a-server",
                            "name": "devpixkorus002_front_a-server",
                            "path": "/",
                            "role": "devpixkorus002_front_a-server",
                            "roles.#": "1",
                            "roles.1297941500": "devpixkorus002_front_a-server",
                            "unique_id": "AIPAIN76UDNTCHX5R4OMY"
                        },
                        "meta": {},
                        "tainted": false
                    },
                    "deposed": [],
                    "provider": "module.korus_web_front_a.provider.aws"
                },
                "aws_iam_role.korus_web_hosts": {
                    "type": "aws_iam_role",
                    "depends_on": [],
                    "primary": {
                        "id": "devpixkorus002_front_a-hosts",
                        "attributes": {
                            "arn": "arn:aws:iam::708426649097:role/devpixkorus002_front_a-hosts",
                            "assume_role_policy": "{\"Version\":\"2012-10-17\",\"Statement\":[{\"Sid\":\"\",\"Effect\":\"Allow\",\"Principal\":{\"Service\":\"ec2.amazonaws.com\"},\"Action\":\"sts:AssumeRole\"}]}",
                            "create_date": "2018-12-02T14:04:39Z",
                            "description": "",
                            "force_detach_policies": "false",
                            "id": "devpixkorus002_front_a-hosts",
                            "max_session_duration": "3600",
                            "name": "devpixkorus002_front_a-hosts",
                            "path": "/",
                            "tags.%": "0",
                            "unique_id": "AROAIQANHYXW557TOXQMY"
                        },
                        "meta": {},
                        "tainted": false
                    },
                    "deposed": [],
                    "provider": "module.korus_web_front_a.provider.aws"
                },
                "aws_iam_role.korus_web_server": {
                    "type": "aws_iam_role",
                    "depends_on": [],
                    "primary": {
                        "id": "devpixkorus002_front_a-server",
                        "attributes": {
                            "arn": "arn:aws:iam::708426649097:role/devpixkorus002_front_a-server",
                            "assume_role_policy": "{\"Version\":\"2012-10-17\",\"Statement\":[{\"Sid\":\"\",\"Effect\":\"Allow\",\"Principal\":{\"Service\":\"ec2.amazonaws.com\"},\"Action\":\"sts:AssumeRole\"}]}",
                            "create_date": "2018-12-02T14:04:40Z",
                            "description": "",
                            "force_detach_policies": "false",
                            "id": "devpixkorus002_front_a-server",
                            "max_session_duration": "3600",
                            "name": "devpixkorus002_front_a-server",
                            "path": "/",
                            "tags.%": "0",
                            "unique_id": "AROAIQMDBH355F2PA7U52"
                        },
                        "meta": {},
                        "tainted": false
                    },
                    "deposed": [],
                    "provider": "module.korus_web_front_a.provider.aws"
                },
                "aws_iam_role_policy.korus_web_hosts": {
                    "type": "aws_iam_role_policy",
                    "depends_on": [
                        "aws_iam_role.korus_web_hosts"
                    ],
                    "primary": {
                        "id": "devpixkorus002_front_a-hosts:devpixkorus002_front_a-hosts",
                        "attributes": {
                            "id": "devpixkorus002_front_a-hosts:devpixkorus002_front_a-hosts",
                            "name": "devpixkorus002_front_a-hosts",
                            "policy": "{\n  \"Version\": \"2012-10-17\",\n  \"Statement\": [\n    {\n        \"Effect\":\"Allow\",\n        \"Action\":[\n          \"ec2:Describe*\"\n        ],\n        \"Resource\":\"*\"\n    },\n    {\n        \"Effect\": \"Allow\",\n        \"Action\": [\n            \"s3:ListBucket\"\n        ],\n        \"Resource\": [\n            \"arn:aws:s3:::pixeon-cloud-artifacts\"\n        ]\n    },\n    {\n        \"Effect\": \"Allow\",\n        \"Action\": [\n            \"s3:PutObject\",\n            \"s3:GetObject\",\n            \"s3:DeleteObject\"\n        ],\n        \"Resource\": [\n            \"arn:aws:s3:::pixeon-cloud-artifacts/*\"\n        ]\n    }\n  ]\n}\n",
                            "role": "devpixkorus002_front_a-hosts"
                        },
                        "meta": {},
                        "tainted": false
                    },
                    "deposed": [],
                    "provider": "module.korus_web_front_a.provider.aws"
                },
                "aws_iam_role_policy.korus_web_server": {
                    "type": "aws_iam_role_policy",
                    "depends_on": [
                        "aws_iam_role.korus_web_server"
                    ],
                    "primary": {
                        "id": "devpixkorus002_front_a-server:devpixkorus002_front_a-server",
                        "attributes": {
                            "id": "devpixkorus002_front_a-server:devpixkorus002_front_a-server",
                            "name": "devpixkorus002_front_a-server",
                            "policy": "{\n  \"Version\": \"2012-10-17\",\n  \"Statement\": [\n    {\n        \"Effect\":\"Allow\",\n        \"Action\":[\n          \"ec2:Describe*\"\n        ],\n        \"Resource\":\"*\"\n    },\n    {\n        \"Effect\": \"Allow\",\n        \"Action\": [\n            \"s3:ListBucket\"\n        ],\n        \"Resource\": [\n            \"arn:aws:s3:::pixeon-cloud-artifacts\"\n        ]\n    },\n    {\n        \"Effect\": \"Allow\",\n        \"Action\": [\n            \"s3:PutObject\",\n            \"s3:GetObject\",\n            \"s3:DeleteObject\"\n        ],\n        \"Resource\": [\n            \"arn:aws:s3:::pixeon-cloud-artifacts/*\"\n        ]\n    }\n    \n  ]\n}\n",
                            "role": "devpixkorus002_front_a-server"
                        },
                        "meta": {},
                        "tainted": false
                    },
                    "deposed": [],
                    "provider": "module.korus_web_front_a.provider.aws"
                },
                "aws_security_group.instance": {
                    "type": "aws_security_group",
                    "depends_on": [
                        "data.aws_vpc.environment"
                    ],
                    "primary": {
                        "id": "sg-024d03060beeef098",
                        "attributes": {
                            "arn": "arn:aws:ec2:us-east-1:708426649097:security-group/sg-024d03060beeef098",
                            "description": "Managed by Terraform",
                            "egress.#": "1",
                            "egress.482069346.cidr_blocks.#": "1",
                            "egress.482069346.cidr_blocks.0": "0.0.0.0/0",
                            "egress.482069346.description": "",
                            "egress.482069346.from_port": "0",
                            "egress.482069346.ipv6_cidr_blocks.#": "0",
                            "egress.482069346.prefix_list_ids.#": "0",
                            "egress.482069346.protocol": "-1",
                            "egress.482069346.security_groups.#": "0",
                            "egress.482069346.self": "false",
                            "egress.482069346.to_port": "0",
                            "id": "sg-024d03060beeef098",
                            "ingress.#": "3",
                            "ingress.1799340084.cidr_blocks.#": "1",
                            "ingress.1799340084.cidr_blocks.0": "0.0.0.0/0",
                            "ingress.1799340084.description": "",
                            "ingress.1799340084.from_port": "-1",
                            "ingress.1799340084.ipv6_cidr_blocks.#": "0",
                            "ingress.1799340084.prefix_list_ids.#": "0",
                            "ingress.1799340084.protocol": "icmp",
                            "ingress.1799340084.security_groups.#": "0",
                            "ingress.1799340084.self": "false",
                            "ingress.1799340084.to_port": "-1",
                            "ingress.482069346.cidr_blocks.#": "1",
                            "ingress.482069346.cidr_blocks.0": "0.0.0.0/0",
                            "ingress.482069346.description": "",
                            "ingress.482069346.from_port": "0",
                            "ingress.482069346.ipv6_cidr_blocks.#": "0",
                            "ingress.482069346.prefix_list_ids.#": "0",
                            "ingress.482069346.protocol": "-1",
                            "ingress.482069346.security_groups.#": "0",
                            "ingress.482069346.self": "false",
                            "ingress.482069346.to_port": "0",
                            "ingress.516175195.cidr_blocks.#": "1",
                            "ingress.516175195.cidr_blocks.0": "0.0.0.0/0",
                            "ingress.516175195.description": "",
                            "ingress.516175195.from_port": "8080",
                            "ingress.516175195.ipv6_cidr_blocks.#": "0",
                            "ingress.516175195.prefix_list_ids.#": "0",
                            "ingress.516175195.protocol": "tcp",
                            "ingress.516175195.security_groups.#": "0",
                            "ingress.516175195.self": "false",
                            "ingress.516175195.to_port": "8080",
                            "name": "DEVPIXKORUS002_FRONT_A-instance",
                            "owner_id": "708426649097",
                            "revoke_rules_on_delete": "false",
                            "tags.%": "4",
                            "tags.Creation-Tool": "terraform",
                            "tags.Env": "dev",
                            "tags.Squad": "Pixeon",
                            "tags.name": "DEVPIXKORUS002_FRONT_A",
                            "vpc_id": "vpc-0c6f95e57844262bb"
                        },
                        "meta": {
                            "e2bfb730-ecaa-11e6-8f88-34363bc7c4c0": {
                                "create": 600000000000,
                                "delete": 600000000000
                            },
                            "schema_version": "1"
                        },
                        "tainted": false
                    },
                    "deposed": [],
                    "provider": "module.korus_web_front_a.provider.aws"
                },
                "data.aws_subnet.private.0": {
                    "type": "aws_subnet",
                    "depends_on": [
                        "data.aws_subnet_ids.private"
                    ],
                    "primary": {
                        "id": "subnet-0010f0add61d1dc3b",
                        "attributes": {
                            "arn": "arn:aws:ec2:us-east-1:708426649097:subnet/subnet-0010f0add61d1dc3b",
                            "assign_ipv6_address_on_creation": "false",
                            "availability_zone": "us-east-1c",
                            "cidr_block": "10.224.202.0/23",
                            "default_for_az": "false",
                            "id": "subnet-0010f0add61d1dc3b",
                            "map_public_ip_on_launch": "false",
                            "state": "available",
                            "tags.%": "4",
                            "tags.Creation-Tool": "terraform",
                            "tags.Env": "dev",
                            "tags.Name": "pixeon-cloud dev private subnet c",
                            "tags.Tier": "private",
                            "vpc_id": "vpc-0c6f95e57844262bb"
                        },
                        "meta": {},
                        "tainted": false
                    },
                    "deposed": [],
                    "provider": "module.korus_web_front_a.provider.aws"
                },
                "data.aws_subnet.private.1": {
                    "type": "aws_subnet",
                    "depends_on": [
                        "data.aws_subnet_ids.private"
                    ],
                    "primary": {
                        "id": "subnet-07a3a84526d7f5ea1",
                        "attributes": {
                            "arn": "arn:aws:ec2:us-east-1:708426649097:subnet/subnet-07a3a84526d7f5ea1",
                            "assign_ipv6_address_on_creation": "false",
                            "availability_zone": "us-east-1a",
                            "cidr_block": "10.224.200.0/23",
                            "default_for_az": "false",
                            "id": "subnet-07a3a84526d7f5ea1",
                            "map_public_ip_on_launch": "false",
                            "state": "available",
                            "tags.%": "4",
                            "tags.Creation-Tool": "terraform",
                            "tags.Env": "dev",
                            "tags.Name": "pixeon-cloud dev private subnet a",
                            "tags.Tier": "private",
                            "vpc_id": "vpc-0c6f95e57844262bb"
                        },
                        "meta": {},
                        "tainted": false
                    },
                    "deposed": [],
                    "provider": "module.korus_web_front_a.provider.aws"
                },
                "data.aws_subnet.public.0": {
                    "type": "aws_subnet",
                    "depends_on": [
                        "data.aws_subnet_ids.public"
                    ],
                    "primary": {
                        "id": "subnet-0ebcb1713eff25277",
                        "attributes": {
                            "arn": "arn:aws:ec2:us-east-1:708426649097:subnet/subnet-0ebcb1713eff25277",
                            "assign_ipv6_address_on_creation": "false",
                            "availability_zone": "us-east-1c",
                            "cidr_block": "10.224.206.0/23",
                            "default_for_az": "false",
                            "id": "subnet-0ebcb1713eff25277",
                            "map_public_ip_on_launch": "true",
                            "state": "available",
                            "tags.%": "4",
                            "tags.Creation-Tool": "terraform",
                            "tags.Env": "dev",
                            "tags.Name": "pixeon-cloud dev public subnet c",
                            "tags.Tier": "public",
                            "vpc_id": "vpc-0c6f95e57844262bb"
                        },
                        "meta": {},
                        "tainted": false
                    },
                    "deposed": [],
                    "provider": "module.korus_web_front_a.provider.aws"
                },
                "data.aws_subnet.public.1": {
                    "type": "aws_subnet",
                    "depends_on": [
                        "data.aws_subnet_ids.public"
                    ],
                    "primary": {
                        "id": "subnet-07724bba344c03490",
                        "attributes": {
                            "arn": "arn:aws:ec2:us-east-1:708426649097:subnet/subnet-07724bba344c03490",
                            "assign_ipv6_address_on_creation": "false",
                            "availability_zone": "us-east-1a",
                            "cidr_block": "10.224.204.0/23",
                            "default_for_az": "false",
                            "id": "subnet-07724bba344c03490",
                            "map_public_ip_on_launch": "true",
                            "state": "available",
                            "tags.%": "4",
                            "tags.Creation-Tool": "terraform",
                            "tags.Env": "dev",
                            "tags.Name": "pixeon-cloud dev public subnet a",
                            "tags.Tier": "public",
                            "vpc_id": "vpc-0c6f95e57844262bb"
                        },
                        "meta": {},
                        "tainted": false
                    },
                    "deposed": [],
                    "provider": "module.korus_web_front_a.provider.aws"
                },
                "data.aws_subnet_ids.private": {
                    "type": "aws_subnet_ids",
                    "depends_on": [
                        "data.aws_vpc.environment"
                    ],
                    "primary": {
                        "id": "vpc-0c6f95e57844262bb",
                        "attributes": {
                            "id": "vpc-0c6f95e57844262bb",
                            "ids.#": "2",
                            "ids.2137442523": "subnet-07a3a84526d7f5ea1",
                            "ids.695771506": "subnet-0010f0add61d1dc3b",
                            "tags.%": "2",
                            "tags.Env": "dev",
                            "tags.Tier": "private",
                            "vpc_id": "vpc-0c6f95e57844262bb"
                        },
                        "meta": {},
                        "tainted": false
                    },
                    "deposed": [],
                    "provider": "module.korus_web_front_a.provider.aws"
                },
                "data.aws_subnet_ids.public": {
                    "type": "aws_subnet_ids",
                    "depends_on": [
                        "data.aws_vpc.environment"
                    ],
                    "primary": {
                        "id": "vpc-0c6f95e57844262bb",
                        "attributes": {
                            "id": "vpc-0c6f95e57844262bb",
                            "ids.#": "2",
                            "ids.2348691672": "subnet-0ebcb1713eff25277",
                            "ids.3080743077": "subnet-07724bba344c03490",
                            "tags.%": "2",
                            "tags.Env": "dev",
                            "tags.Tier": "public",
                            "vpc_id": "vpc-0c6f95e57844262bb"
                        },
                        "meta": {},
                        "tainted": false
                    },
                    "deposed": [],
                    "provider": "module.korus_web_front_a.provider.aws"
                },
                "data.aws_vpc.environment": {
                    "type": "aws_vpc",
                    "depends_on": [],
                    "primary": {
                        "id": "vpc-0c6f95e57844262bb",
                        "attributes": {
                            "arn": "arn:aws:ec2:us-east-1:708426649097:vpc/vpc-0c6f95e57844262bb",
                            "cidr_block": "10.224.200.0/21",
                            "cidr_block_associations.#": "1",
                            "cidr_block_associations.0.association_id": "vpc-cidr-assoc-0347fb9b2b7604d66",
                            "cidr_block_associations.0.cidr_block": "10.224.200.0/21",
                            "cidr_block_associations.0.state": "associated",
                            "default": "false",
                            "dhcp_options_id": "dopt-0fd83fe719ecf630d",
                            "enable_dns_hostnames": "true",
                            "enable_dns_support": "true",
                            "id": "vpc-0c6f95e57844262bb",
                            "instance_tenancy": "default",
                            "main_route_table_id": "rtb-01bf11a921778e93a",
                            "state": "available",
                            "tags.%": "3",
                            "tags.Creation-Tool": "terraform",
                            "tags.Env": "dev",
                            "tags.Name": "pixeon-cloud-dev-vpc"
                        },
                        "meta": {},
                        "tainted": false
                    },
                    "deposed": [],
                    "provider": "module.korus_web_front_a.provider.aws"
                }
            },
            "depends_on": []
        },
        {
            "path": [
                "root",
                "korus_web_front_b"
            ],
            "outputs": {
                "instances_id": {
                    "sensitive": false,
                    "type": "string",
                    "value": "i-0b55022151e0d95e1"
                }
            },
            "resources": {
                "aws_iam_instance_profile.korus_web_hosts": {
                    "type": "aws_iam_instance_profile",
                    "depends_on": [
                        "aws_iam_role.korus_web_hosts"
                    ],
                    "primary": {
                        "id": "devpixkorus002_front_b-hosts",
                        "attributes": {
                            "arn": "arn:aws:iam::708426649097:instance-profile/devpixkorus002_front_b-hosts",
                            "create_date": "2018-12-02T14:05:09Z",
                            "id": "devpixkorus002_front_b-hosts",
                            "name": "devpixkorus002_front_b-hosts",
                            "path": "/",
                            "role": "devpixkorus002_front_b-hosts",
                            "roles.#": "1",
                            "roles.1850553786": "devpixkorus002_front_b-hosts",
                            "unique_id": "AIPAIIIQYO52E7RCJJ45S"
                        },
                        "meta": {},
                        "tainted": false
                    },
                    "deposed": [],
                    "provider": "module.korus_web_front_b.provider.aws"
                },
                "aws_iam_instance_profile.korus_web_server": {
                    "type": "aws_iam_instance_profile",
                    "depends_on": [
                        "aws_iam_role.korus_web_server"
                    ],
                    "primary": {
                        "id": "devpixkorus002_front_b-server",
                        "attributes": {
                            "arn": "arn:aws:iam::708426649097:instance-profile/devpixkorus002_front_b-server",
                            "create_date": "2018-12-02T14:04:43Z",
                            "id": "devpixkorus002_front_b-server",
                            "name": "devpixkorus002_front_b-server",
                            "path": "/",
                            "role": "devpixkorus002_front_b-server",
                            "roles.#": "1",
                            "roles.3285320735": "devpixkorus002_front_b-server",
                            "unique_id": "AIPAJSIVBECTIDHLTUEOC"
                        },
                        "meta": {},
                        "tainted": false
                    },
                    "deposed": [],
                    "provider": "module.korus_web_front_b.provider.aws"
                },
                "aws_iam_role.korus_web_hosts": {
                    "type": "aws_iam_role",
                    "depends_on": [],
                    "primary": {
                        "id": "devpixkorus002_front_b-hosts",
                        "attributes": {
                            "arn": "arn:aws:iam::708426649097:role/devpixkorus002_front_b-hosts",
                            "assume_role_policy": "{\"Version\":\"2012-10-17\",\"Statement\":[{\"Sid\":\"\",\"Effect\":\"Allow\",\"Principal\":{\"Service\":\"ec2.amazonaws.com\"},\"Action\":\"sts:AssumeRole\"}]}",
                            "create_date": "2018-12-02T14:04:37Z",
                            "description": "",
                            "force_detach_policies": "false",
                            "id": "devpixkorus002_front_b-hosts",
                            "max_session_duration": "3600",
                            "name": "devpixkorus002_front_b-hosts",
                            "path": "/",
                            "tags.%": "0",
                            "unique_id": "AROAJIJPVQPUNYSRUVUYO"
                        },
                        "meta": {},
                        "tainted": false
                    },
                    "deposed": [],
                    "provider": "module.korus_web_front_b.provider.aws"
                },
                "aws_iam_role.korus_web_server": {
                    "type": "aws_iam_role",
                    "depends_on": [],
                    "primary": {
                        "id": "devpixkorus002_front_b-server",
                        "attributes": {
                            "arn": "arn:aws:iam::708426649097:role/devpixkorus002_front_b-server",
                            "assume_role_policy": "{\"Version\":\"2012-10-17\",\"Statement\":[{\"Sid\":\"\",\"Effect\":\"Allow\",\"Principal\":{\"Service\":\"ec2.amazonaws.com\"},\"Action\":\"sts:AssumeRole\"}]}",
                            "create_date": "2018-12-02T14:04:37Z",
                            "description": "",
                            "force_detach_policies": "false",
                            "id": "devpixkorus002_front_b-server",
                            "max_session_duration": "3600",
                            "name": "devpixkorus002_front_b-server",
                            "path": "/",
                            "tags.%": "0",
                            "unique_id": "AROAIMQGKCUBVVLMY5YSQ"
                        },
                        "meta": {},
                        "tainted": false
                    },
                    "deposed": [],
                    "provider": "module.korus_web_front_b.provider.aws"
                },
                "aws_iam_role_policy.korus_web_hosts": {
                    "type": "aws_iam_role_policy",
                    "depends_on": [
                        "aws_iam_role.korus_web_hosts"
                    ],
                    "primary": {
                        "id": "devpixkorus002_front_b-hosts:devpixkorus002_front_b-hosts",
                        "attributes": {
                            "id": "devpixkorus002_front_b-hosts:devpixkorus002_front_b-hosts",
                            "name": "devpixkorus002_front_b-hosts",
                            "policy": "{\n  \"Version\": \"2012-10-17\",\n  \"Statement\": [\n    {\n        \"Effect\":\"Allow\",\n        \"Action\":[\n          \"ec2:Describe*\"\n        ],\n        \"Resource\":\"*\"\n    },\n    {\n        \"Effect\": \"Allow\",\n        \"Action\": [\n            \"s3:ListBucket\"\n        ],\n        \"Resource\": [\n            \"arn:aws:s3:::pixeon-cloud-artifacts\"\n        ]\n    },\n    {\n        \"Effect\": \"Allow\",\n        \"Action\": [\n            \"s3:PutObject\",\n            \"s3:GetObject\",\n            \"s3:DeleteObject\"\n        ],\n        \"Resource\": [\n            \"arn:aws:s3:::pixeon-cloud-artifacts/*\"\n        ]\n    }\n  ]\n}\n",
                            "role": "devpixkorus002_front_b-hosts"
                        },
                        "meta": {},
                        "tainted": false
                    },
                    "deposed": [],
                    "provider": "module.korus_web_front_b.provider.aws"
                },
                "aws_iam_role_policy.korus_web_server": {
                    "type": "aws_iam_role_policy",
                    "depends_on": [
                        "aws_iam_role.korus_web_server"
                    ],
                    "primary": {
                        "id": "devpixkorus002_front_b-server:devpixkorus002_front_b-server",
                        "attributes": {
                            "id": "devpixkorus002_front_b-server:devpixkorus002_front_b-server",
                            "name": "devpixkorus002_front_b-server",
                            "policy": "{\n  \"Version\": \"2012-10-17\",\n  \"Statement\": [\n    {\n        \"Effect\":\"Allow\",\n        \"Action\":[\n          \"ec2:Describe*\"\n        ],\n        \"Resource\":\"*\"\n    },\n    {\n        \"Effect\": \"Allow\",\n        \"Action\": [\n            \"s3:ListBucket\"\n        ],\n        \"Resource\": [\n            \"arn:aws:s3:::pixeon-cloud-artifacts\"\n        ]\n    },\n    {\n        \"Effect\": \"Allow\",\n        \"Action\": [\n            \"s3:PutObject\",\n            \"s3:GetObject\",\n            \"s3:DeleteObject\"\n        ],\n        \"Resource\": [\n            \"arn:aws:s3:::pixeon-cloud-artifacts/*\"\n        ]\n    }\n    \n  ]\n}\n",
                            "role": "devpixkorus002_front_b-server"
                        },
                        "meta": {},
                        "tainted": false
                    },
                    "deposed": [],
                    "provider": "module.korus_web_front_b.provider.aws"
                },
                "aws_security_group.instance": {
                    "type": "aws_security_group",
                    "depends_on": [
                        "data.aws_vpc.environment"
                    ],
                    "primary": {
                        "id": "sg-09633bb12b5b40110",
                        "attributes": {
                            "arn": "arn:aws:ec2:us-east-1:708426649097:security-group/sg-09633bb12b5b40110",
                            "description": "Managed by Terraform",
                            "egress.#": "1",
                            "egress.482069346.cidr_blocks.#": "1",
                            "egress.482069346.cidr_blocks.0": "0.0.0.0/0",
                            "egress.482069346.description": "",
                            "egress.482069346.from_port": "0",
                            "egress.482069346.ipv6_cidr_blocks.#": "0",
                            "egress.482069346.prefix_list_ids.#": "0",
                            "egress.482069346.protocol": "-1",
                            "egress.482069346.security_groups.#": "0",
                            "egress.482069346.self": "false",
                            "egress.482069346.to_port": "0",
                            "id": "sg-09633bb12b5b40110",
                            "ingress.#": "3",
                            "ingress.1799340084.cidr_blocks.#": "1",
                            "ingress.1799340084.cidr_blocks.0": "0.0.0.0/0",
                            "ingress.1799340084.description": "",
                            "ingress.1799340084.from_port": "-1",
                            "ingress.1799340084.ipv6_cidr_blocks.#": "0",
                            "ingress.1799340084.prefix_list_ids.#": "0",
                            "ingress.1799340084.protocol": "icmp",
                            "ingress.1799340084.security_groups.#": "0",
                            "ingress.1799340084.self": "false",
                            "ingress.1799340084.to_port": "-1",
                            "ingress.482069346.cidr_blocks.#": "1",
                            "ingress.482069346.cidr_blocks.0": "0.0.0.0/0",
                            "ingress.482069346.description": "",
                            "ingress.482069346.from_port": "0",
                            "ingress.482069346.ipv6_cidr_blocks.#": "0",
                            "ingress.482069346.prefix_list_ids.#": "0",
                            "ingress.482069346.protocol": "-1",
                            "ingress.482069346.security_groups.#": "0",
                            "ingress.482069346.self": "false",
                            "ingress.482069346.to_port": "0",
                            "ingress.516175195.cidr_blocks.#": "1",
                            "ingress.516175195.cidr_blocks.0": "0.0.0.0/0",
                            "ingress.516175195.description": "",
                            "ingress.516175195.from_port": "8080",
                            "ingress.516175195.ipv6_cidr_blocks.#": "0",
                            "ingress.516175195.prefix_list_ids.#": "0",
                            "ingress.516175195.protocol": "tcp",
                            "ingress.516175195.security_groups.#": "0",
                            "ingress.516175195.self": "false",
                            "ingress.516175195.to_port": "8080",
                            "name": "DEVPIXKORUS002_FRONT_B-instance",
                            "owner_id": "708426649097",
                            "revoke_rules_on_delete": "false",
                            "tags.%": "4",
                            "tags.Creation-Tool": "terraform",
                            "tags.Env": "dev",
                            "tags.Squad": "Pixeon",
                            "tags.name": "DEVPIXKORUS002_FRONT_B",
                            "vpc_id": "vpc-0c6f95e57844262bb"
                        },
                        "meta": {
                            "e2bfb730-ecaa-11e6-8f88-34363bc7c4c0": {
                                "create": 600000000000,
                                "delete": 600000000000
                            },
                            "schema_version": "1"
                        },
                        "tainted": false
                    },
                    "deposed": [],
                    "provider": "module.korus_web_front_b.provider.aws"
                },
                "data.aws_subnet.private.0": {
                    "type": "aws_subnet",
                    "depends_on": [
                        "data.aws_subnet_ids.private"
                    ],
                    "primary": {
                        "id": "subnet-0010f0add61d1dc3b",
                        "attributes": {
                            "arn": "arn:aws:ec2:us-east-1:708426649097:subnet/subnet-0010f0add61d1dc3b",
                            "assign_ipv6_address_on_creation": "false",
                            "availability_zone": "us-east-1c",
                            "cidr_block": "10.224.202.0/23",
                            "default_for_az": "false",
                            "id": "subnet-0010f0add61d1dc3b",
                            "map_public_ip_on_launch": "false",
                            "state": "available",
                            "tags.%": "4",
                            "tags.Creation-Tool": "terraform",
                            "tags.Env": "dev",
                            "tags.Name": "pixeon-cloud dev private subnet c",
                            "tags.Tier": "private",
                            "vpc_id": "vpc-0c6f95e57844262bb"
                        },
                        "meta": {},
                        "tainted": false
                    },
                    "deposed": [],
                    "provider": "module.korus_web_front_b.provider.aws"
                },
                "data.aws_subnet.private.1": {
                    "type": "aws_subnet",
                    "depends_on": [
                        "data.aws_subnet_ids.private"
                    ],
                    "primary": {
                        "id": "subnet-07a3a84526d7f5ea1",
                        "attributes": {
                            "arn": "arn:aws:ec2:us-east-1:708426649097:subnet/subnet-07a3a84526d7f5ea1",
                            "assign_ipv6_address_on_creation": "false",
                            "availability_zone": "us-east-1a",
                            "cidr_block": "10.224.200.0/23",
                            "default_for_az": "false",
                            "id": "subnet-07a3a84526d7f5ea1",
                            "map_public_ip_on_launch": "false",
                            "state": "available",
                            "tags.%": "4",
                            "tags.Creation-Tool": "terraform",
                            "tags.Env": "dev",
                            "tags.Name": "pixeon-cloud dev private subnet a",
                            "tags.Tier": "private",
                            "vpc_id": "vpc-0c6f95e57844262bb"
                        },
                        "meta": {},
                        "tainted": false
                    },
                    "deposed": [],
                    "provider": "module.korus_web_front_b.provider.aws"
                },
                "data.aws_subnet.public.0": {
                    "type": "aws_subnet",
                    "depends_on": [
                        "data.aws_subnet_ids.public"
                    ],
                    "primary": {
                        "id": "subnet-0ebcb1713eff25277",
                        "attributes": {
                            "arn": "arn:aws:ec2:us-east-1:708426649097:subnet/subnet-0ebcb1713eff25277",
                            "assign_ipv6_address_on_creation": "false",
                            "availability_zone": "us-east-1c",
                            "cidr_block": "10.224.206.0/23",
                            "default_for_az": "false",
                            "id": "subnet-0ebcb1713eff25277",
                            "map_public_ip_on_launch": "true",
                            "state": "available",
                            "tags.%": "4",
                            "tags.Creation-Tool": "terraform",
                            "tags.Env": "dev",
                            "tags.Name": "pixeon-cloud dev public subnet c",
                            "tags.Tier": "public",
                            "vpc_id": "vpc-0c6f95e57844262bb"
                        },
                        "meta": {},
                        "tainted": false
                    },
                    "deposed": [],
                    "provider": "module.korus_web_front_b.provider.aws"
                },
                "data.aws_subnet.public.1": {
                    "type": "aws_subnet",
                    "depends_on": [
                        "data.aws_subnet_ids.public"
                    ],
                    "primary": {
                        "id": "subnet-07724bba344c03490",
                        "attributes": {
                            "arn": "arn:aws:ec2:us-east-1:708426649097:subnet/subnet-07724bba344c03490",
                            "assign_ipv6_address_on_creation": "false",
                            "availability_zone": "us-east-1a",
                            "cidr_block": "10.224.204.0/23",
                            "default_for_az": "false",
                            "id": "subnet-07724bba344c03490",
                            "map_public_ip_on_launch": "true",
                            "state": "available",
                            "tags.%": "4",
                            "tags.Creation-Tool": "terraform",
                            "tags.Env": "dev",
                            "tags.Name": "pixeon-cloud dev public subnet a",
                            "tags.Tier": "public",
                            "vpc_id": "vpc-0c6f95e57844262bb"
                        },
                        "meta": {},
                        "tainted": false
                    },
                    "deposed": [],
                    "provider": "module.korus_web_front_b.provider.aws"
                },
                "data.aws_subnet_ids.private": {
                    "type": "aws_subnet_ids",
                    "depends_on": [
                        "data.aws_vpc.environment"
                    ],
                    "primary": {
                        "id": "vpc-0c6f95e57844262bb",
                        "attributes": {
                            "id": "vpc-0c6f95e57844262bb",
                            "ids.#": "2",
                            "ids.2137442523": "subnet-07a3a84526d7f5ea1",
                            "ids.695771506": "subnet-0010f0add61d1dc3b",
                            "tags.%": "2",
                            "tags.Env": "dev",
                            "tags.Tier": "private",
                            "vpc_id": "vpc-0c6f95e57844262bb"
                        },
                        "meta": {},
                        "tainted": false
                    },
                    "deposed": [],
                    "provider": "module.korus_web_front_b.provider.aws"
                },
                "data.aws_subnet_ids.public": {
                    "type": "aws_subnet_ids",
                    "depends_on": [
                        "data.aws_vpc.environment"
                    ],
                    "primary": {
                        "id": "vpc-0c6f95e57844262bb",
                        "attributes": {
                            "id": "vpc-0c6f95e57844262bb",
                            "ids.#": "2",
                            "ids.2348691672": "subnet-0ebcb1713eff25277",
                            "ids.3080743077": "subnet-07724bba344c03490",
                            "tags.%": "2",
                            "tags.Env": "dev",
                            "tags.Tier": "public",
                            "vpc_id": "vpc-0c6f95e57844262bb"
                        },
                        "meta": {},
                        "tainted": false
                    },
                    "deposed": [],
                    "provider": "module.korus_web_front_b.provider.aws"
                },
                "data.aws_vpc.environment": {
                    "type": "aws_vpc",
                    "depends_on": [],
                    "primary": {
                        "id": "vpc-0c6f95e57844262bb",
                        "attributes": {
                            "arn": "arn:aws:ec2:us-east-1:708426649097:vpc/vpc-0c6f95e57844262bb",
                            "cidr_block": "10.224.200.0/21",
                            "cidr_block_associations.#": "1",
                            "cidr_block_associations.0.association_id": "vpc-cidr-assoc-0347fb9b2b7604d66",
                            "cidr_block_associations.0.cidr_block": "10.224.200.0/21",
                            "cidr_block_associations.0.state": "associated",
                            "default": "false",
                            "dhcp_options_id": "dopt-0fd83fe719ecf630d",
                            "enable_dns_hostnames": "true",
                            "enable_dns_support": "true",
                            "id": "vpc-0c6f95e57844262bb",
                            "instance_tenancy": "default",
                            "main_route_table_id": "rtb-01bf11a921778e93a",
                            "state": "available",
                            "tags.%": "3",
                            "tags.Creation-Tool": "terraform",
                            "tags.Env": "dev",
                            "tags.Name": "pixeon-cloud-dev-vpc"
                        },
                        "meta": {},
                        "tainted": false
                    },
                    "deposed": [],
                    "provider": "module.korus_web_front_b.provider.aws"
                }
            },
            "depends_on": []
        },
        {
            "path": [
                "root",
                "korus_web_front_a",
                "korus_cluster"
            ],
            "outputs": {
                "availability_zone": {
                    "sensitive": false,
                    "type": "list",
                    "value": [
                        "us-east-1c"
                    ]
                },
                "credit_specification": {
                    "sensitive": false,
                    "type": "list",
                    "value": [
                        [
                            {
                                "cpu_credits": "standard"
                            }
                        ]
                    ]
                },
                "id": {
                    "sensitive": false,
                    "type": "list",
                    "value": [
                        "i-095c66c3e9fbd9514"
                    ]
                },
                "key_name": {
                    "sensitive": false,
                    "type": "list",
                    "value": [
                        "pixeon-cloud-dev"
                    ]
                },
                "network_interface_id": {
                    "sensitive": false,
                    "type": "list",
                    "value": [
                        "eni-083f7dfa6a2bc2c75"
                    ]
                },
                "primary_network_interface_id": {
                    "sensitive": false,
                    "type": "list",
                    "value": [
                        "eni-083f7dfa6a2bc2c75"
                    ]
                },
                "private_dns": {
                    "sensitive": false,
                    "type": "list",
                    "value": [
                        "ip-10-224-202-47.ec2.internal"
                    ]
                },
                "private_ip": {
                    "sensitive": false,
                    "type": "list",
                    "value": [
                        "10.224.202.47"
                    ]
                },
                "public_dns": {
                    "sensitive": false,
                    "type": "list",
                    "value": []
                },
                "public_ip": {
                    "sensitive": false,
                    "type": "list",
                    "value": []
                },
                "security_groups": {
                    "sensitive": false,
                    "type": "list",
                    "value": []
                },
                "subnet_id": {
                    "sensitive": false,
                    "type": "list",
                    "value": [
                        "subnet-0010f0add61d1dc3b"
                    ]
                },
                "tags": {
                    "sensitive": false,
                    "type": "list",
                    "value": [
                        {
                            "Creation-Tool": "terraform",
                            "Env": "dev",
                            "Name": "DEVPIXKORUS002_FRONT_A",
                            "Squad": "Pixeon"
                        }
                    ]
                },
                "vpc_security_group_ids": {
                    "sensitive": false,
                    "type": "list",
                    "value": [
                        "sg-024d03060beeef098"
                    ]
                }
            },
            "resources": {
                "aws_instance.this_t2": {
                    "type": "aws_instance",
                    "depends_on": [
                        "local.is_t_instance_type"
                    ],
                    "primary": {
                        "id": "i-095c66c3e9fbd9514",
                        "attributes": {
                            "ami": "ami-02b411190e42cf724",
                            "arn": "arn:aws:ec2:us-east-1:708426649097:instance/i-095c66c3e9fbd9514",
                            "associate_public_ip_address": "false",
                            "availability_zone": "us-east-1c",
                            "cpu_core_count": "2",
                            "cpu_threads_per_core": "1",
                            "credit_specification.#": "1",
                            "credit_specification.0.cpu_credits": "standard",
                            "disable_api_termination": "false",
                            "ebs_block_device.#": "0",
                            "ebs_optimized": "false",
                            "ephemeral_block_device.#": "0",
                            "get_password_data": "false",
                            "iam_instance_profile": "",
                            "id": "i-095c66c3e9fbd9514",
                            "instance_state": "running",
                            "instance_type": "t2.large",
                            "ipv6_address_count": "0",
                            "ipv6_addresses.#": "0",
                            "key_name": "pixeon-cloud-dev",
                            "monitoring": "true",
                            "network_interface.#": "0",
                            "network_interface_id": "eni-083f7dfa6a2bc2c75",
                            "password_data": "",
                            "placement_group": "",
                            "primary_network_interface_id": "eni-083f7dfa6a2bc2c75",
                            "private_dns": "ip-10-224-202-47.ec2.internal",
                            "private_ip": "10.224.202.47",
                            "public_dns": "",
                            "public_ip": "",
                            "root_block_device.#": "1",
                            "root_block_device.0.delete_on_termination": "true",
                            "root_block_device.0.iops": "240",
                            "root_block_device.0.volume_id": "vol-06594669732519140",
                            "root_block_device.0.volume_size": "80",
                            "root_block_device.0.volume_type": "gp2",
                            "security_groups.#": "0",
                            "source_dest_check": "true",
                            "subnet_id": "subnet-0010f0add61d1dc3b",
                            "tags.%": "4",
                            "tags.Creation-Tool": "terraform",
                            "tags.Env": "dev",
                            "tags.Name": "DEVPIXKORUS002_FRONT_A",
                            "tags.Squad": "Pixeon",
                            "tenancy": "default",
                            "volume_tags.%": "0",
                            "vpc_security_group_ids.#": "1",
                            "vpc_security_group_ids.628248069": "sg-024d03060beeef098"
                        },
                        "meta": {
                            "e2bfb730-ecaa-11e6-8f88-34363bc7c4c0": {
                                "create": 600000000000,
                                "delete": 1200000000000,
                                "update": 600000000000
                            },
                            "schema_version": "1"
                        },
                        "tainted": false
                    },
                    "deposed": [],
                    "provider": "module.korus_web_front_a.provider.aws"
                }
            },
            "depends_on": []
        },
        {
            "path": [
                "root",
                "korus_web_front_b",
                "korus_cluster"
            ],
            "outputs": {
                "availability_zone": {
                    "sensitive": false,
                    "type": "list",
                    "value": [
                        "us-east-1a"
                    ]
                },
                "credit_specification": {
                    "sensitive": false,
                    "type": "list",
                    "value": [
                        [
                            {
                                "cpu_credits": "standard"
                            }
                        ]
                    ]
                },
                "id": {
                    "sensitive": false,
                    "type": "list",
                    "value": [
                        "i-0b55022151e0d95e1"
                    ]
                },
                "key_name": {
                    "sensitive": false,
                    "type": "list",
                    "value": [
                        "pixeon-cloud-dev"
                    ]
                },
                "network_interface_id": {
                    "sensitive": false,
                    "type": "list",
                    "value": [
                        "eni-021650e80e37abbed"
                    ]
                },
                "primary_network_interface_id": {
                    "sensitive": false,
                    "type": "list",
                    "value": [
                        "eni-021650e80e37abbed"
                    ]
                },
                "private_dns": {
                    "sensitive": false,
                    "type": "list",
                    "value": [
                        "ip-10-224-201-73.ec2.internal"
                    ]
                },
                "private_ip": {
                    "sensitive": false,
                    "type": "list",
                    "value": [
                        "10.224.201.73"
                    ]
                },
                "public_dns": {
                    "sensitive": false,
                    "type": "list",
                    "value": []
                },
                "public_ip": {
                    "sensitive": false,
                    "type": "list",
                    "value": []
                },
                "security_groups": {
                    "sensitive": false,
                    "type": "list",
                    "value": []
                },
                "subnet_id": {
                    "sensitive": false,
                    "type": "list",
                    "value": [
                        "subnet-07a3a84526d7f5ea1"
                    ]
                },
                "tags": {
                    "sensitive": false,
                    "type": "list",
                    "value": [
                        {
                            "Creation-Tool": "terraform",
                            "Env": "dev",
                            "Name": "DEVPIXKORUS002_FRONT_B",
                            "Squad": "Pixeon"
                        }
                    ]
                },
                "vpc_security_group_ids": {
                    "sensitive": false,
                    "type": "list",
                    "value": [
                        "sg-09633bb12b5b40110"
                    ]
                }
            },
            "resources": {
                "aws_instance.this_t2": {
                    "type": "aws_instance",
                    "depends_on": [
                        "local.is_t_instance_type"
                    ],
                    "primary": {
                        "id": "i-0b55022151e0d95e1",
                        "attributes": {
                            "ami": "ami-02b411190e42cf724",
                            "arn": "arn:aws:ec2:us-east-1:708426649097:instance/i-0b55022151e0d95e1",
                            "associate_public_ip_address": "false",
                            "availability_zone": "us-east-1a",
                            "cpu_core_count": "2",
                            "cpu_threads_per_core": "1",
                            "credit_specification.#": "1",
                            "credit_specification.0.cpu_credits": "standard",
                            "disable_api_termination": "false",
                            "ebs_block_device.#": "0",
                            "ebs_optimized": "false",
                            "ephemeral_block_device.#": "0",
                            "get_password_data": "false",
                            "iam_instance_profile": "",
                            "id": "i-0b55022151e0d95e1",
                            "instance_state": "running",
                            "instance_type": "t2.large",
                            "ipv6_address_count": "0",
                            "ipv6_addresses.#": "0",
                            "key_name": "pixeon-cloud-dev",
                            "monitoring": "true",
                            "network_interface.#": "0",
                            "network_interface_id": "eni-021650e80e37abbed",
                            "password_data": "",
                            "placement_group": "",
                            "primary_network_interface_id": "eni-021650e80e37abbed",
                            "private_dns": "ip-10-224-201-73.ec2.internal",
                            "private_ip": "10.224.201.73",
                            "public_dns": "",
                            "public_ip": "",
                            "root_block_device.#": "1",
                            "root_block_device.0.delete_on_termination": "true",
                            "root_block_device.0.iops": "240",
                            "root_block_device.0.volume_id": "vol-0138cc9088dba2d2c",
                            "root_block_device.0.volume_size": "80",
                            "root_block_device.0.volume_type": "gp2",
                            "security_groups.#": "0",
                            "source_dest_check": "true",
                            "subnet_id": "subnet-07a3a84526d7f5ea1",
                            "tags.%": "4",
                            "tags.Creation-Tool": "terraform",
                            "tags.Env": "dev",
                            "tags.Name": "DEVPIXKORUS002_FRONT_B",
                            "tags.Squad": "Pixeon",
                            "tenancy": "default",
                            "volume_tags.%": "0",
                            "vpc_security_group_ids.#": "1",
                            "vpc_security_group_ids.1895866308": "sg-09633bb12b5b40110"
                        },
                        "meta": {
                            "e2bfb730-ecaa-11e6-8f88-34363bc7c4c0": {
                                "create": 600000000000,
                                "delete": 1200000000000,
                                "update": 600000000000
                            },
                            "schema_version": "1"
                        },
                        "tainted": false
                    },
                    "deposed": [],
                    "provider": "module.korus_web_front_b.provider.aws"
                }
            },
            "depends_on": []
        }
    ]
}
